// !$*UTF8*$!
{
	archiveVersion = 1;
	classes = {
	};
	objectVersion = 77;
	objects = {

/* Begin PBXBuildFile section */
		4E09D6DDD122D7A3AED39441 /* Pods_FirebaseChatApp.framework in Frameworks */ = {isa = PBXBuildFile; fileRef = 5228CC5982052ABA2E7E5422 /* Pods_FirebaseChatApp.framework */; };
		9D223C482D3618BC00C56796 /* FirebaseAuth in Frameworks */ = {isa = PBXBuildFile; productRef = 9D223C472D3618BC00C56796 /* FirebaseAuth */; };
		9D223C4A2D3618BC00C56796 /* FirebaseAuthCombine-Community in Frameworks */ = {isa = PBXBuildFile; productRef = 9D223C492D3618BC00C56796 /* FirebaseAuthCombine-Community */; };
		9D223C4C2D3618BC00C56796 /* FirebaseCore in Frameworks */ = {isa = PBXBuildFile; productRef = 9D223C4B2D3618BC00C56796 /* FirebaseCore */; };
		9D223C4E2D3618BC00C56796 /* FirebaseDatabase in Frameworks */ = {isa = PBXBuildFile; productRef = 9D223C4D2D3618BC00C56796 /* FirebaseDatabase */; };
		9D223C502D3618BC00C56796 /* FirebaseFirestore in Frameworks */ = {isa = PBXBuildFile; productRef = 9D223C4F2D3618BC00C56796 /* FirebaseFirestore */; };
		9D223C522D3618BC00C56796 /* FirebaseFirestoreCombine-Community in Frameworks */ = {isa = PBXBuildFile; productRef = 9D223C512D3618BC00C56796 /* FirebaseFirestoreCombine-Community */; };
		9D223C542D3618BC00C56796 /* FirebaseStorage in Frameworks */ = {isa = PBXBuildFile; productRef = 9D223C532D3618BC00C56796 /* FirebaseStorage */; };
		9D223C562D3618BC00C56796 /* FirebaseStorageCombine-Community in Frameworks */ = {isa = PBXBuildFile; productRef = 9D223C552D3618BC00C56796 /* FirebaseStorageCombine-Community */; };
		9D223C592D3618D800C56796 /* FacebookCore in Frameworks */ = {isa = PBXBuildFile; productRef = 9D223C582D3618D800C56796 /* FacebookCore */; };
		9D223C5B2D3618D800C56796 /* FacebookLogin in Frameworks */ = {isa = PBXBuildFile; productRef = 9D223C5A2D3618D800C56796 /* FacebookLogin */; };
		9D223C5D2D3618D800C56796 /* FacebookShare in Frameworks */ = {isa = PBXBuildFile; productRef = 9D223C5C2D3618D800C56796 /* FacebookShare */; };
		EB5A21709E725D5A0A614D02 /* Pods_FirebaseChatApp_FirebaseChatAppUITests.framework in Frameworks */ = {isa = PBXBuildFile; fileRef = F1FACED950B17D5A7373CEE0 /* Pods_FirebaseChatApp_FirebaseChatAppUITests.framework */; };
		F230285688DFD4C659A57BC8 /* Pods_FirebaseChatAppTests.framework in Frameworks */ = {isa = PBXBuildFile; fileRef = 75C4D52278839B8175A89CF2 /* Pods_FirebaseChatAppTests.framework */; };
/* End PBXBuildFile section */

/* Begin PBXContainerItemProxy section */
		9D2238882D3595E100C56796 /* PBXContainerItemProxy */ = {
			isa = PBXContainerItemProxy;
			containerPortal = 9D2238662D3595DE00C56796 /* Project object */;
			proxyType = 1;
			remoteGlobalIDString = 9D22386D2D3595DE00C56796;
			remoteInfo = FirebaseChatApp;
		};
		9D2238922D3595E100C56796 /* PBXContainerItemProxy */ = {
			isa = PBXContainerItemProxy;
			containerPortal = 9D2238662D3595DE00C56796 /* Project object */;
			proxyType = 1;
			remoteGlobalIDString = 9D22386D2D3595DE00C56796;
			remoteInfo = FirebaseChatApp;
		};
/* End PBXContainerItemProxy section */

/* Begin PBXFileReference section */
		004CA2293D6BB8B1BE62EAA0 /* Pods-FirebaseChatAppTests.debug.xcconfig */ = {isa = PBXFileReference; includeInIndex = 1; lastKnownFileType = text.xcconfig; name = "Pods-FirebaseChatAppTests.debug.xcconfig"; path = "Target Support Files/Pods-FirebaseChatAppTests/Pods-FirebaseChatAppTests.debug.xcconfig"; sourceTree = "<group>"; };
		361CC94462BCD13D3E709BEE /* Pods-FirebaseChatApp.debug.xcconfig */ = {isa = PBXFileReference; includeInIndex = 1; lastKnownFileType = text.xcconfig; name = "Pods-FirebaseChatApp.debug.xcconfig"; path = "Target Support Files/Pods-FirebaseChatApp/Pods-FirebaseChatApp.debug.xcconfig"; sourceTree = "<group>"; };
		5228CC5982052ABA2E7E5422 /* Pods_FirebaseChatApp.framework */ = {isa = PBXFileReference; explicitFileType = wrapper.framework; includeInIndex = 0; path = Pods_FirebaseChatApp.framework; sourceTree = BUILT_PRODUCTS_DIR; };
		75C4D52278839B8175A89CF2 /* Pods_FirebaseChatAppTests.framework */ = {isa = PBXFileReference; explicitFileType = wrapper.framework; includeInIndex = 0; path = Pods_FirebaseChatAppTests.framework; sourceTree = BUILT_PRODUCTS_DIR; };
		8F520F5F509EB294A3B27D43 /* Pods-FirebaseChatApp.release.xcconfig */ = {isa = PBXFileReference; includeInIndex = 1; lastKnownFileType = text.xcconfig; name = "Pods-FirebaseChatApp.release.xcconfig"; path = "Target Support Files/Pods-FirebaseChatApp/Pods-FirebaseChatApp.release.xcconfig"; sourceTree = "<group>"; };
		9D22386E2D3595DE00C56796 /* FirebaseChatApp.app */ = {isa = PBXFileReference; explicitFileType = wrapper.application; includeInIndex = 0; path = FirebaseChatApp.app; sourceTree = BUILT_PRODUCTS_DIR; };
		9D2238872D3595E100C56796 /* FirebaseChatAppTests.xctest */ = {isa = PBXFileReference; explicitFileType = wrapper.cfbundle; includeInIndex = 0; path = FirebaseChatAppTests.xctest; sourceTree = BUILT_PRODUCTS_DIR; };
		9D2238912D3595E100C56796 /* FirebaseChatAppUITests.xctest */ = {isa = PBXFileReference; explicitFileType = wrapper.cfbundle; includeInIndex = 0; path = FirebaseChatAppUITests.xctest; sourceTree = BUILT_PRODUCTS_DIR; };
		AB0BBDEDA03792441086E198 /* Pods-FirebaseChatApp-FirebaseChatAppUITests.debug.xcconfig */ = {isa = PBXFileReference; includeInIndex = 1; lastKnownFileType = text.xcconfig; name = "Pods-FirebaseChatApp-FirebaseChatAppUITests.debug.xcconfig"; path = "Target Support Files/Pods-FirebaseChatApp-FirebaseChatAppUITests/Pods-FirebaseChatApp-FirebaseChatAppUITests.debug.xcconfig"; sourceTree = "<group>"; };
		BBB8C1727DD0D4A8556738B2 /* Pods-FirebaseChatAppTests.release.xcconfig */ = {isa = PBXFileReference; includeInIndex = 1; lastKnownFileType = text.xcconfig; name = "Pods-FirebaseChatAppTests.release.xcconfig"; path = "Target Support Files/Pods-FirebaseChatAppTests/Pods-FirebaseChatAppTests.release.xcconfig"; sourceTree = "<group>"; };
		C58F69DD934F75B5FAF01DCA /* Pods-FirebaseChatApp-FirebaseChatAppUITests.release.xcconfig */ = {isa = PBXFileReference; includeInIndex = 1; lastKnownFileType = text.xcconfig; name = "Pods-FirebaseChatApp-FirebaseChatAppUITests.release.xcconfig"; path = "Target Support Files/Pods-FirebaseChatApp-FirebaseChatAppUITests/Pods-FirebaseChatApp-FirebaseChatAppUITests.release.xcconfig"; sourceTree = "<group>"; };
		F1FACED950B17D5A7373CEE0 /* Pods_FirebaseChatApp_FirebaseChatAppUITests.framework */ = {isa = PBXFileReference; explicitFileType = wrapper.framework; includeInIndex = 0; path = Pods_FirebaseChatApp_FirebaseChatAppUITests.framework; sourceTree = BUILT_PRODUCTS_DIR; };
/* End PBXFileReference section */

/* Begin PBXFileSystemSynchronizedBuildFileExceptionSet section */
		9D2238992D3595E100C56796 /* Exceptions for "FirebaseChatApp" folder in "FirebaseChatApp" target */ = {
			isa = PBXFileSystemSynchronizedBuildFileExceptionSet;
			membershipExceptions = (
				Info.plist,
			);
			target = 9D22386D2D3595DE00C56796 /* FirebaseChatApp */;
		};
/* End PBXFileSystemSynchronizedBuildFileExceptionSet section */

/* Begin PBXFileSystemSynchronizedRootGroup section */
		9D2238702D3595DE00C56796 /* FirebaseChatApp */ = {
			isa = PBXFileSystemSynchronizedRootGroup;
			exceptions = (
				9D2238992D3595E100C56796 /* Exceptions for "FirebaseChatApp" folder in "FirebaseChatApp" target */,
			);
			path = FirebaseChatApp;
			sourceTree = "<group>";
		};
		9D22388A2D3595E100C56796 /* FirebaseChatAppTests */ = {
			isa = PBXFileSystemSynchronizedRootGroup;
			path = FirebaseChatAppTests;
			sourceTree = "<group>";
		};
		9D2238942D3595E100C56796 /* FirebaseChatAppUITests */ = {
			isa = PBXFileSystemSynchronizedRootGroup;
			path = FirebaseChatAppUITests;
			sourceTree = "<group>";
		};
/* End PBXFileSystemSynchronizedRootGroup section */

/* Begin PBXFrameworksBuildPhase section */
		9D22386B2D3595DE00C56796 /* Frameworks */ = {
			isa = PBXFrameworksBuildPhase;
			buildActionMask = 2147483647;
			files = (
				9D223C4E2D3618BC00C56796 /* FirebaseDatabase in Frameworks */,
				9D223C592D3618D800C56796 /* FacebookCore in Frameworks */,
				9D223C5D2D3618D800C56796 /* FacebookShare in Frameworks */,
				4E09D6DDD122D7A3AED39441 /* Pods_FirebaseChatApp.framework in Frameworks */,
				9D223C4A2D3618BC00C56796 /* FirebaseAuthCombine-Community in Frameworks */,
				9D223C4C2D3618BC00C56796 /* FirebaseCore in Frameworks */,
				9D223C5B2D3618D800C56796 /* FacebookLogin in Frameworks */,
				9D223C482D3618BC00C56796 /* FirebaseAuth in Frameworks */,
				9D223C542D3618BC00C56796 /* FirebaseStorage in Frameworks */,
				9D223C502D3618BC00C56796 /* FirebaseFirestore in Frameworks */,
				9D223C562D3618BC00C56796 /* FirebaseStorageCombine-Community in Frameworks */,
				9D223C522D3618BC00C56796 /* FirebaseFirestoreCombine-Community in Frameworks */,
			);
			runOnlyForDeploymentPostprocessing = 0;
		};
		9D2238842D3595E100C56796 /* Frameworks */ = {
			isa = PBXFrameworksBuildPhase;
			buildActionMask = 2147483647;
			files = (
				F230285688DFD4C659A57BC8 /* Pods_FirebaseChatAppTests.framework in Frameworks */,
			);
			runOnlyForDeploymentPostprocessing = 0;
		};
		9D22388E2D3595E100C56796 /* Frameworks */ = {
			isa = PBXFrameworksBuildPhase;
			buildActionMask = 2147483647;
			files = (
				EB5A21709E725D5A0A614D02 /* Pods_FirebaseChatApp_FirebaseChatAppUITests.framework in Frameworks */,
			);
			runOnlyForDeploymentPostprocessing = 0;
		};
/* End PBXFrameworksBuildPhase section */

/* Begin PBXGroup section */
		202C183BC581AFA8667E1198 /* Frameworks */ = {
			isa = PBXGroup;
			children = (
				5228CC5982052ABA2E7E5422 /* Pods_FirebaseChatApp.framework */,
				F1FACED950B17D5A7373CEE0 /* Pods_FirebaseChatApp_FirebaseChatAppUITests.framework */,
				75C4D52278839B8175A89CF2 /* Pods_FirebaseChatAppTests.framework */,
			);
			name = Frameworks;
			sourceTree = "<group>";
		};
		9D2238652D3595DE00C56796 = {
			isa = PBXGroup;
			children = (
				9D2238702D3595DE00C56796 /* FirebaseChatApp */,
				9D22388A2D3595E100C56796 /* FirebaseChatAppTests */,
				9D2238942D3595E100C56796 /* FirebaseChatAppUITests */,
				9D22386F2D3595DE00C56796 /* Products */,
				C2F83AC1375D846BD90F969F /* Pods */,
				202C183BC581AFA8667E1198 /* Frameworks */,
			);
			sourceTree = "<group>";
		};
		9D22386F2D3595DE00C56796 /* Products */ = {
			isa = PBXGroup;
			children = (
				9D22386E2D3595DE00C56796 /* FirebaseChatApp.app */,
				9D2238872D3595E100C56796 /* FirebaseChatAppTests.xctest */,
				9D2238912D3595E100C56796 /* FirebaseChatAppUITests.xctest */,
			);
			name = Products;
			sourceTree = "<group>";
		};
		C2F83AC1375D846BD90F969F /* Pods */ = {
			isa = PBXGroup;
			children = (
				361CC94462BCD13D3E709BEE /* Pods-FirebaseChatApp.debug.xcconfig */,
				8F520F5F509EB294A3B27D43 /* Pods-FirebaseChatApp.release.xcconfig */,
				AB0BBDEDA03792441086E198 /* Pods-FirebaseChatApp-FirebaseChatAppUITests.debug.xcconfig */,
				C58F69DD934F75B5FAF01DCA /* Pods-FirebaseChatApp-FirebaseChatAppUITests.release.xcconfig */,
				004CA2293D6BB8B1BE62EAA0 /* Pods-FirebaseChatAppTests.debug.xcconfig */,
				BBB8C1727DD0D4A8556738B2 /* Pods-FirebaseChatAppTests.release.xcconfig */,
			);
			path = Pods;
			sourceTree = "<group>";
		};
/* End PBXGroup section */

/* Begin PBXNativeTarget section */
		9D22386D2D3595DE00C56796 /* FirebaseChatApp */ = {
			isa = PBXNativeTarget;
			buildConfigurationList = 9D22389A2D3595E100C56796 /* Build configuration list for PBXNativeTarget "FirebaseChatApp" */;
			buildPhases = (
				AF5FE65E40E463B7C2EBC912 /* [CP] Check Pods Manifest.lock */,
				9D22386A2D3595DE00C56796 /* Sources */,
				9D22386B2D3595DE00C56796 /* Frameworks */,
				9D22386C2D3595DE00C56796 /* Resources */,
			);
			buildRules = (
			);
			dependencies = (
			);
			fileSystemSynchronizedGroups = (
				9D2238702D3595DE00C56796 /* FirebaseChatApp */,
			);
			name = FirebaseChatApp;
			packageProductDependencies = (
				9D223C472D3618BC00C56796 /* FirebaseAuth */,
				9D223C492D3618BC00C56796 /* FirebaseAuthCombine-Community */,
				9D223C4B2D3618BC00C56796 /* FirebaseCore */,
				9D223C4D2D3618BC00C56796 /* FirebaseDatabase */,
				9D223C4F2D3618BC00C56796 /* FirebaseFirestore */,
				9D223C512D3618BC00C56796 /* FirebaseFirestoreCombine-Community */,
				9D223C532D3618BC00C56796 /* FirebaseStorage */,
				9D223C552D3618BC00C56796 /* FirebaseStorageCombine-Community */,
				9D223C582D3618D800C56796 /* FacebookCore */,
				9D223C5A2D3618D800C56796 /* FacebookLogin */,
				9D223C5C2D3618D800C56796 /* FacebookShare */,
			);
			productName = FirebaseChatApp;
			productReference = 9D22386E2D3595DE00C56796 /* FirebaseChatApp.app */;
			productType = "com.apple.product-type.application";
		};
		9D2238862D3595E100C56796 /* FirebaseChatAppTests */ = {
			isa = PBXNativeTarget;
			buildConfigurationList = 9D22389F2D3595E100C56796 /* Build configuration list for PBXNativeTarget "FirebaseChatAppTests" */;
			buildPhases = (
				F5F468BBD2BE70C86512D7CA /* [CP] Check Pods Manifest.lock */,
				9D2238832D3595E100C56796 /* Sources */,
				9D2238842D3595E100C56796 /* Frameworks */,
				9D2238852D3595E100C56796 /* Resources */,
			);
			buildRules = (
			);
			dependencies = (
				9D2238892D3595E100C56796 /* PBXTargetDependency */,
			);
			fileSystemSynchronizedGroups = (
				9D22388A2D3595E100C56796 /* FirebaseChatAppTests */,
			);
			name = FirebaseChatAppTests;
			productName = FirebaseChatAppTests;
			productReference = 9D2238872D3595E100C56796 /* FirebaseChatAppTests.xctest */;
			productType = "com.apple.product-type.bundle.unit-test";
		};
		9D2238902D3595E100C56796 /* FirebaseChatAppUITests */ = {
			isa = PBXNativeTarget;
			buildConfigurationList = 9D2238A22D3595E100C56796 /* Build configuration list for PBXNativeTarget "FirebaseChatAppUITests" */;
			buildPhases = (
				6C8C4C1AC97CE9B2FE3070A6 /* [CP] Check Pods Manifest.lock */,
				9D22388D2D3595E100C56796 /* Sources */,
				9D22388E2D3595E100C56796 /* Frameworks */,
				9D22388F2D3595E100C56796 /* Resources */,
			);
			buildRules = (
			);
			dependencies = (
				9D2238932D3595E100C56796 /* PBXTargetDependency */,
			);
			fileSystemSynchronizedGroups = (
				9D2238942D3595E100C56796 /* FirebaseChatAppUITests */,
			);
			name = FirebaseChatAppUITests;
			productName = FirebaseChatAppUITests;
			productReference = 9D2238912D3595E100C56796 /* FirebaseChatAppUITests.xctest */;
			productType = "com.apple.product-type.bundle.ui-testing";
		};
/* End PBXNativeTarget section */

/* Begin PBXProject section */
		9D2238662D3595DE00C56796 /* Project object */ = {
			isa = PBXProject;
			attributes = {
				BuildIndependentTargetsInParallel = 1;
				LastSwiftUpdateCheck = 1620;
				LastUpgradeCheck = 1620;
				TargetAttributes = {
					9D22386D2D3595DE00C56796 = {
						CreatedOnToolsVersion = 16.2;
					};
					9D2238862D3595E100C56796 = {
						CreatedOnToolsVersion = 16.2;
						TestTargetID = 9D22386D2D3595DE00C56796;
					};
					9D2238902D3595E100C56796 = {
						CreatedOnToolsVersion = 16.2;
						TestTargetID = 9D22386D2D3595DE00C56796;
					};
				};
			};
			buildConfigurationList = 9D2238692D3595DE00C56796 /* Build configuration list for PBXProject "FirebaseChatApp" */;
			developmentRegion = en;
			hasScannedForEncodings = 0;
			knownRegions = (
				en,
				Base,
			);
			mainGroup = 9D2238652D3595DE00C56796;
			minimizedProjectReferenceProxies = 1;
			packageReferences = (
				9D223C462D3618BC00C56796 /* XCRemoteSwiftPackageReference "firebase-ios-sdk" */,
				9D223C572D3618D800C56796 /* XCRemoteSwiftPackageReference "facebook-ios-sdk" */,
			);
			preferredProjectObjectVersion = 77;
			productRefGroup = 9D22386F2D3595DE00C56796 /* Products */;
			projectDirPath = "";
			projectRoot = "";
			targets = (
				9D22386D2D3595DE00C56796 /* FirebaseChatApp */,
				9D2238862D3595E100C56796 /* FirebaseChatAppTests */,
				9D2238902D3595E100C56796 /* FirebaseChatAppUITests */,
			);
		};
/* End PBXProject section */

/* Begin PBXResourcesBuildPhase section */
		9D22386C2D3595DE00C56796 /* Resources */ = {
			isa = PBXResourcesBuildPhase;
			buildActionMask = 2147483647;
			files = (
			);
			runOnlyForDeploymentPostprocessing = 0;
		};
		9D2238852D3595E100C56796 /* Resources */ = {
			isa = PBXResourcesBuildPhase;
			buildActionMask = 2147483647;
			files = (
			);
			runOnlyForDeploymentPostprocessing = 0;
		};
		9D22388F2D3595E100C56796 /* Resources */ = {
			isa = PBXResourcesBuildPhase;
			buildActionMask = 2147483647;
			files = (
			);
			runOnlyForDeploymentPostprocessing = 0;
		};
/* End PBXResourcesBuildPhase section */

/* Begin PBXShellScriptBuildPhase section */
		6C8C4C1AC97CE9B2FE3070A6 /* [CP] Check Pods Manifest.lock */ = {
			isa = PBXShellScriptBuildPhase;
			buildActionMask = 2147483647;
			files = (
			);
			inputFileListPaths = (
			);
			inputPaths = (
				"${PODS_PODFILE_DIR_PATH}/Podfile.lock",
				"${PODS_ROOT}/Manifest.lock",
			);
			name = "[CP] Check Pods Manifest.lock";
			outputFileListPaths = (
			);
			outputPaths = (
				"$(DERIVED_FILE_DIR)/Pods-FirebaseChatApp-FirebaseChatAppUITests-checkManifestLockResult.txt",
			);
			runOnlyForDeploymentPostprocessing = 0;
			shellPath = /bin/sh;
			shellScript = "diff \"${PODS_PODFILE_DIR_PATH}/Podfile.lock\" \"${PODS_ROOT}/Manifest.lock\" > /dev/null\nif [ $? != 0 ] ; then\n    # print error to STDERR\n    echo \"error: The sandbox is not in sync with the Podfile.lock. Run 'pod install' or update your CocoaPods installation.\" >&2\n    exit 1\nfi\n# This output is used by Xcode 'outputs' to avoid re-running this script phase.\necho \"SUCCESS\" > \"${SCRIPT_OUTPUT_FILE_0}\"\n";
			showEnvVarsInLog = 0;
		};
		AF5FE65E40E463B7C2EBC912 /* [CP] Check Pods Manifest.lock */ = {
			isa = PBXShellScriptBuildPhase;
			buildActionMask = 2147483647;
			files = (
			);
			inputFileListPaths = (
			);
			inputPaths = (
				"${PODS_PODFILE_DIR_PATH}/Podfile.lock",
				"${PODS_ROOT}/Manifest.lock",
			);
			name = "[CP] Check Pods Manifest.lock";
			outputFileListPaths = (
			);
			outputPaths = (
				"$(DERIVED_FILE_DIR)/Pods-FirebaseChatApp-checkManifestLockResult.txt",
			);
			runOnlyForDeploymentPostprocessing = 0;
			shellPath = /bin/sh;
			shellScript = "diff \"${PODS_PODFILE_DIR_PATH}/Podfile.lock\" \"${PODS_ROOT}/Manifest.lock\" > /dev/null\nif [ $? != 0 ] ; then\n    # print error to STDERR\n    echo \"error: The sandbox is not in sync with the Podfile.lock. Run 'pod install' or update your CocoaPods installation.\" >&2\n    exit 1\nfi\n# This output is used by Xcode 'outputs' to avoid re-running this script phase.\necho \"SUCCESS\" > \"${SCRIPT_OUTPUT_FILE_0}\"\n";
			showEnvVarsInLog = 0;
		};
		F5F468BBD2BE70C86512D7CA /* [CP] Check Pods Manifest.lock */ = {
			isa = PBXShellScriptBuildPhase;
			buildActionMask = 2147483647;
			files = (
			);
			inputFileListPaths = (
			);
			inputPaths = (
				"${PODS_PODFILE_DIR_PATH}/Podfile.lock",
				"${PODS_ROOT}/Manifest.lock",
			);
			name = "[CP] Check Pods Manifest.lock";
			outputFileListPaths = (
			);
			outputPaths = (
				"$(DERIVED_FILE_DIR)/Pods-FirebaseChatAppTests-checkManifestLockResult.txt",
			);
			runOnlyForDeploymentPostprocessing = 0;
			shellPath = /bin/sh;
			shellScript = "diff \"${PODS_PODFILE_DIR_PATH}/Podfile.lock\" \"${PODS_ROOT}/Manifest.lock\" > /dev/null\nif [ $? != 0 ] ; then\n    # print error to STDERR\n    echo \"error: The sandbox is not in sync with the Podfile.lock. Run 'pod install' or update your CocoaPods installation.\" >&2\n    exit 1\nfi\n# This output is used by Xcode 'outputs' to avoid re-running this script phase.\necho \"SUCCESS\" > \"${SCRIPT_OUTPUT_FILE_0}\"\n";
			showEnvVarsInLog = 0;
		};
/* End PBXShellScriptBuildPhase section */

/* Begin PBXSourcesBuildPhase section */
		9D22386A2D3595DE00C56796 /* Sources */ = {
			isa = PBXSourcesBuildPhase;
			buildActionMask = 2147483647;
			files = (
			);
			runOnlyForDeploymentPostprocessing = 0;
		};
		9D2238832D3595E100C56796 /* Sources */ = {
			isa = PBXSourcesBuildPhase;
			buildActionMask = 2147483647;
			files = (
			);
			runOnlyForDeploymentPostprocessing = 0;
		};
		9D22388D2D3595E100C56796 /* Sources */ = {
			isa = PBXSourcesBuildPhase;
			buildActionMask = 2147483647;
			files = (
			);
			runOnlyForDeploymentPostprocessing = 0;
		};
/* End PBXSourcesBuildPhase section */

/* Begin PBXTargetDependency section */
		9D2238892D3595E100C56796 /* PBXTargetDependency */ = {
			isa = PBXTargetDependency;
			target = 9D22386D2D3595DE00C56796 /* FirebaseChatApp */;
			targetProxy = 9D2238882D3595E100C56796 /* PBXContainerItemProxy */;
		};
		9D2238932D3595E100C56796 /* PBXTargetDependency */ = {
			isa = PBXTargetDependency;
			target = 9D22386D2D3595DE00C56796 /* FirebaseChatApp */;
			targetProxy = 9D2238922D3595E100C56796 /* PBXContainerItemProxy */;
		};
/* End PBXTargetDependency section */

/* Begin XCBuildConfiguration section */
		9D22389B2D3595E100C56796 /* Debug */ = {
			isa = XCBuildConfiguration;
			baseConfigurationReference = 361CC94462BCD13D3E709BEE /* Pods-FirebaseChatApp.debug.xcconfig */;
			buildSettings = {
				ASSETCATALOG_COMPILER_APPICON_NAME = AppIcon;
				ASSETCATALOG_COMPILER_GLOBAL_ACCENT_COLOR_NAME = AccentColor;
				CODE_SIGN_STYLE = Automatic;
				CURRENT_PROJECT_VERSION = 1;
				DEVELOPMENT_TEAM = P9NXT375QP;
				GENERATE_INFOPLIST_FILE = YES;
				INFOPLIST_FILE = FirebaseChatApp/Info.plist;
				INFOPLIST_KEY_UIApplicationSupportsIndirectInputEvents = YES;
				INFOPLIST_KEY_UILaunchStoryboardName = LaunchScreen;
				INFOPLIST_KEY_UIMainStoryboardFile = Main;
				INFOPLIST_KEY_UISupportedInterfaceOrientations = UIInterfaceOrientationPortrait;
				IPHONEOS_DEPLOYMENT_TARGET = 15.6;
				LD_RUNPATH_SEARCH_PATHS = (
					"$(inherited)",
					"@executable_path/Frameworks",
				);
				MARKETING_VERSION = 1.0;
				PRODUCT_BUNDLE_IDENTIFIER = com.jungguen.FirebaseChatApp;
				PRODUCT_NAME = "$(TARGET_NAME)";
				SUPPORTED_PLATFORMS = "iphoneos iphonesimulator";
				SUPPORTS_MACCATALYST = NO;
				SUPPORTS_MAC_DESIGNED_FOR_IPHONE_IPAD = NO;
				SUPPORTS_XR_DESIGNED_FOR_IPHONE_IPAD = NO;
				SWIFT_EMIT_LOC_STRINGS = YES;
				SWIFT_VERSION = 5.0;
				TARGETED_DEVICE_FAMILY = 1;
			};
			name = Debug;
		};
		9D22389C2D3595E100C56796 /* Release */ = {
			isa = XCBuildConfiguration;
			baseConfigurationReference = 8F520F5F509EB294A3B27D43 /* Pods-FirebaseChatApp.release.xcconfig */;
			buildSettings = {
				ASSETCATALOG_COMPILER_APPICON_NAME = AppIcon;
				ASSETCATALOG_COMPILER_GLOBAL_ACCENT_COLOR_NAME = AccentColor;
				CODE_SIGN_STYLE = Automatic;
				CURRENT_PROJECT_VERSION = 1;
				DEVELOPMENT_TEAM = P9NXT375QP;
				GENERATE_INFOPLIST_FILE = YES;
				INFOPLIST_FILE = FirebaseChatApp/Info.plist;
				INFOPLIST_KEY_UIApplicationSupportsIndirectInputEvents = YES;
				INFOPLIST_KEY_UILaunchStoryboardName = LaunchScreen;
				INFOPLIST_KEY_UIMainStoryboardFile = Main;
				INFOPLIST_KEY_UISupportedInterfaceOrientations = UIInterfaceOrientationPortrait;
				IPHONEOS_DEPLOYMENT_TARGET = 15.6;
				LD_RUNPATH_SEARCH_PATHS = (
					"$(inherited)",
					"@executable_path/Frameworks",
				);
				MARKETING_VERSION = 1.0;
				PRODUCT_BUNDLE_IDENTIFIER = com.jungguen.FirebaseChatApp;
				PRODUCT_NAME = "$(TARGET_NAME)";
				SUPPORTED_PLATFORMS = "iphoneos iphonesimulator";
				SUPPORTS_MACCATALYST = NO;
				SUPPORTS_MAC_DESIGNED_FOR_IPHONE_IPAD = NO;
				SUPPORTS_XR_DESIGNED_FOR_IPHONE_IPAD = NO;
				SWIFT_EMIT_LOC_STRINGS = YES;
				SWIFT_VERSION = 5.0;
				TARGETED_DEVICE_FAMILY = 1;
			};
			name = Release;
		};
		9D22389D2D3595E100C56796 /* Debug */ = {
			isa = XCBuildConfiguration;
			buildSettings = {
				ALWAYS_SEARCH_USER_PATHS = NO;
				ASSETCATALOG_COMPILER_GENERATE_SWIFT_ASSET_SYMBOL_EXTENSIONS = YES;
				CLANG_ANALYZER_NONNULL = YES;
				CLANG_ANALYZER_NUMBER_OBJECT_CONVERSION = YES_AGGRESSIVE;
				CLANG_CXX_LANGUAGE_STANDARD = "gnu++20";
				CLANG_ENABLE_MODULES = YES;
				CLANG_ENABLE_OBJC_ARC = YES;
				CLANG_ENABLE_OBJC_WEAK = YES;
				CLANG_WARN_BLOCK_CAPTURE_AUTORELEASING = YES;
				CLANG_WARN_BOOL_CONVERSION = YES;
				CLANG_WARN_COMMA = YES;
				CLANG_WARN_CONSTANT_CONVERSION = YES;
				CLANG_WARN_DEPRECATED_OBJC_IMPLEMENTATIONS = YES;
				CLANG_WARN_DIRECT_OBJC_ISA_USAGE = YES_ERROR;
				CLANG_WARN_DOCUMENTATION_COMMENTS = YES;
				CLANG_WARN_EMPTY_BODY = YES;
				CLANG_WARN_ENUM_CONVERSION = YES;
				CLANG_WARN_INFINITE_RECURSION = YES;
				CLANG_WARN_INT_CONVERSION = YES;
				CLANG_WARN_NON_LITERAL_NULL_CONVERSION = YES;
				CLANG_WARN_OBJC_IMPLICIT_RETAIN_SELF = YES;
				CLANG_WARN_OBJC_LITERAL_CONVERSION = YES;
				CLANG_WARN_OBJC_ROOT_CLASS = YES_ERROR;
				CLANG_WARN_QUOTED_INCLUDE_IN_FRAMEWORK_HEADER = YES;
				CLANG_WARN_RANGE_LOOP_ANALYSIS = YES;
				CLANG_WARN_STRICT_PROTOTYPES = YES;
				CLANG_WARN_SUSPICIOUS_MOVE = YES;
				CLANG_WARN_UNGUARDED_AVAILABILITY = YES_AGGRESSIVE;
				CLANG_WARN_UNREACHABLE_CODE = YES;
				CLANG_WARN__DUPLICATE_METHOD_MATCH = YES;
				COPY_PHASE_STRIP = NO;
				DEBUG_INFORMATION_FORMAT = dwarf;
				ENABLE_STRICT_OBJC_MSGSEND = YES;
				ENABLE_TESTABILITY = YES;
				ENABLE_USER_SCRIPT_SANDBOXING = YES;
				GCC_C_LANGUAGE_STANDARD = gnu17;
				GCC_DYNAMIC_NO_PIC = NO;
				GCC_NO_COMMON_BLOCKS = YES;
				GCC_OPTIMIZATION_LEVEL = 0;
				GCC_PREPROCESSOR_DEFINITIONS = (
					"DEBUG=1",
					"$(inherited)",
				);
				GCC_WARN_64_TO_32_BIT_CONVERSION = YES;
				GCC_WARN_ABOUT_RETURN_TYPE = YES_ERROR;
				GCC_WARN_UNDECLARED_SELECTOR = YES;
				GCC_WARN_UNINITIALIZED_AUTOS = YES_AGGRESSIVE;
				GCC_WARN_UNUSED_FUNCTION = YES;
				GCC_WARN_UNUSED_VARIABLE = YES;
				IPHONEOS_DEPLOYMENT_TARGET = 18.2;
				LOCALIZATION_PREFERS_STRING_CATALOGS = YES;
				MTL_ENABLE_DEBUG_INFO = INCLUDE_SOURCE;
				MTL_FAST_MATH = YES;
				ONLY_ACTIVE_ARCH = YES;
				SDKROOT = iphoneos;
				SWIFT_ACTIVE_COMPILATION_CONDITIONS = "DEBUG $(inherited)";
				SWIFT_OPTIMIZATION_LEVEL = "-Onone";
			};
			name = Debug;
		};
		9D22389E2D3595E100C56796 /* Release */ = {
			isa = XCBuildConfiguration;
			buildSettings = {
				ALWAYS_SEARCH_USER_PATHS = NO;
				ASSETCATALOG_COMPILER_GENERATE_SWIFT_ASSET_SYMBOL_EXTENSIONS = YES;
				CLANG_ANALYZER_NONNULL = YES;
				CLANG_ANALYZER_NUMBER_OBJECT_CONVERSION = YES_AGGRESSIVE;
				CLANG_CXX_LANGUAGE_STANDARD = "gnu++20";
				CLANG_ENABLE_MODULES = YES;
				CLANG_ENABLE_OBJC_ARC = YES;
				CLANG_ENABLE_OBJC_WEAK = YES;
				CLANG_WARN_BLOCK_CAPTURE_AUTORELEASING = YES;
				CLANG_WARN_BOOL_CONVERSION = YES;
				CLANG_WARN_COMMA = YES;
				CLANG_WARN_CONSTANT_CONVERSION = YES;
				CLANG_WARN_DEPRECATED_OBJC_IMPLEMENTATIONS = YES;
				CLANG_WARN_DIRECT_OBJC_ISA_USAGE = YES_ERROR;
				CLANG_WARN_DOCUMENTATION_COMMENTS = YES;
				CLANG_WARN_EMPTY_BODY = YES;
				CLANG_WARN_ENUM_CONVERSION = YES;
				CLANG_WARN_INFINITE_RECURSION = YES;
				CLANG_WARN_INT_CONVERSION = YES;
				CLANG_WARN_NON_LITERAL_NULL_CONVERSION = YES;
				CLANG_WARN_OBJC_IMPLICIT_RETAIN_SELF = YES;
				CLANG_WARN_OBJC_LITERAL_CONVERSION = YES;
				CLANG_WARN_OBJC_ROOT_CLASS = YES_ERROR;
				CLANG_WARN_QUOTED_INCLUDE_IN_FRAMEWORK_HEADER = YES;
				CLANG_WARN_RANGE_LOOP_ANALYSIS = YES;
				CLANG_WARN_STRICT_PROTOTYPES = YES;
				CLANG_WARN_SUSPICIOUS_MOVE = YES;
				CLANG_WARN_UNGUARDED_AVAILABILITY = YES_AGGRESSIVE;
				CLANG_WARN_UNREACHABLE_CODE = YES;
				CLANG_WARN__DUPLICATE_METHOD_MATCH = YES;
				COPY_PHASE_STRIP = NO;
				DEBUG_INFORMATION_FORMAT = "dwarf-with-dsym";
				ENABLE_NS_ASSERTIONS = NO;
				ENABLE_STRICT_OBJC_MSGSEND = YES;
				ENABLE_USER_SCRIPT_SANDBOXING = YES;
				GCC_C_LANGUAGE_STANDARD = gnu17;
				GCC_NO_COMMON_BLOCKS = YES;
				GCC_WARN_64_TO_32_BIT_CONVERSION = YES;
				GCC_WARN_ABOUT_RETURN_TYPE = YES_ERROR;
				GCC_WARN_UNDECLARED_SELECTOR = YES;
				GCC_WARN_UNINITIALIZED_AUTOS = YES_AGGRESSIVE;
				GCC_WARN_UNUSED_FUNCTION = YES;
				GCC_WARN_UNUSED_VARIABLE = YES;
				IPHONEOS_DEPLOYMENT_TARGET = 18.2;
				LOCALIZATION_PREFERS_STRING_CATALOGS = YES;
				MTL_ENABLE_DEBUG_INFO = NO;
				MTL_FAST_MATH = YES;
				SDKROOT = iphoneos;
				SWIFT_COMPILATION_MODE = wholemodule;
				VALIDATE_PRODUCT = YES;
			};
			name = Release;
		};
		9D2238A02D3595E100C56796 /* Debug */ = {
			isa = XCBuildConfiguration;
			baseConfigurationReference = 004CA2293D6BB8B1BE62EAA0 /* Pods-FirebaseChatAppTests.debug.xcconfig */;
			buildSettings = {
				BUNDLE_LOADER = "$(TEST_HOST)";
				CODE_SIGN_STYLE = Automatic;
				CURRENT_PROJECT_VERSION = 1;
				DEVELOPMENT_TEAM = P9NXT375QP;
				GENERATE_INFOPLIST_FILE = YES;
				IPHONEOS_DEPLOYMENT_TARGET = 18.2;
				MARKETING_VERSION = 1.0;
				PRODUCT_BUNDLE_IDENTIFIER = com.jungguen.FirebaseChatAppTests;
				PRODUCT_NAME = "$(TARGET_NAME)";
				SWIFT_EMIT_LOC_STRINGS = NO;
				SWIFT_VERSION = 5.0;
				TARGETED_DEVICE_FAMILY = "1,2";
				TEST_HOST = "$(BUILT_PRODUCTS_DIR)/FirebaseChatApp.app/$(BUNDLE_EXECUTABLE_FOLDER_PATH)/FirebaseChatApp";
			};
			name = Debug;
		};
		9D2238A12D3595E100C56796 /* Release */ = {
			isa = XCBuildConfiguration;
			baseConfigurationReference = BBB8C1727DD0D4A8556738B2 /* Pods-FirebaseChatAppTests.release.xcconfig */;
			buildSettings = {
				BUNDLE_LOADER = "$(TEST_HOST)";
				CODE_SIGN_STYLE = Automatic;
				CURRENT_PROJECT_VERSION = 1;
				DEVELOPMENT_TEAM = P9NXT375QP;
				GENERATE_INFOPLIST_FILE = YES;
				IPHONEOS_DEPLOYMENT_TARGET = 18.2;
				MARKETING_VERSION = 1.0;
				PRODUCT_BUNDLE_IDENTIFIER = com.jungguen.FirebaseChatAppTests;
				PRODUCT_NAME = "$(TARGET_NAME)";
				SWIFT_EMIT_LOC_STRINGS = NO;
				SWIFT_VERSION = 5.0;
				TARGETED_DEVICE_FAMILY = "1,2";
				TEST_HOST = "$(BUILT_PRODUCTS_DIR)/FirebaseChatApp.app/$(BUNDLE_EXECUTABLE_FOLDER_PATH)/FirebaseChatApp";
			};
			name = Release;
		};
		9D2238A32D3595E100C56796 /* Debug */ = {
			isa = XCBuildConfiguration;
			baseConfigurationReference = AB0BBDEDA03792441086E198 /* Pods-FirebaseChatApp-FirebaseChatAppUITests.debug.xcconfig */;
			buildSettings = {
				CODE_SIGN_STYLE = Automatic;
				CURRENT_PROJECT_VERSION = 1;
				DEVELOPMENT_TEAM = P9NXT375QP;
				GENERATE_INFOPLIST_FILE = YES;
				MARKETING_VERSION = 1.0;
				PRODUCT_BUNDLE_IDENTIFIER = com.jungguen.FirebaseChatAppUITests;
				PRODUCT_NAME = "$(TARGET_NAME)";
				SWIFT_EMIT_LOC_STRINGS = NO;
				SWIFT_VERSION = 5.0;
				TARGETED_DEVICE_FAMILY = "1,2";
				TEST_TARGET_NAME = FirebaseChatApp;
			};
			name = Debug;
		};
		9D2238A42D3595E100C56796 /* Release */ = {
			isa = XCBuildConfiguration;
			baseConfigurationReference = C58F69DD934F75B5FAF01DCA /* Pods-FirebaseChatApp-FirebaseChatAppUITests.release.xcconfig */;
			buildSettings = {
				CODE_SIGN_STYLE = Automatic;
				CURRENT_PROJECT_VERSION = 1;
				DEVELOPMENT_TEAM = P9NXT375QP;
				GENERATE_INFOPLIST_FILE = YES;
				MARKETING_VERSION = 1.0;
				PRODUCT_BUNDLE_IDENTIFIER = com.jungguen.FirebaseChatAppUITests;
				PRODUCT_NAME = "$(TARGET_NAME)";
				SWIFT_EMIT_LOC_STRINGS = NO;
				SWIFT_VERSION = 5.0;
				TARGETED_DEVICE_FAMILY = "1,2";
				TEST_TARGET_NAME = FirebaseChatApp;
			};
			name = Release;
		};
/* End XCBuildConfiguration section */

/* Begin XCConfigurationList section */
		9D2238692D3595DE00C56796 /* Build configuration list for PBXProject "FirebaseChatApp" */ = {
			isa = XCConfigurationList;
			buildConfigurations = (
				9D22389D2D3595E100C56796 /* Debug */,
				9D22389E2D3595E100C56796 /* Release */,
			);
			defaultConfigurationIsVisible = 0;
			defaultConfigurationName = Release;
		};
		9D22389A2D3595E100C56796 /* Build configuration list for PBXNativeTarget "FirebaseChatApp" */ = {
			isa = XCConfigurationList;
			buildConfigurations = (
				9D22389B2D3595E100C56796 /* Debug */,
				9D22389C2D3595E100C56796 /* Release */,
			);
			defaultConfigurationIsVisible = 0;
			defaultConfigurationName = Release;
		};
		9D22389F2D3595E100C56796 /* Build configuration list for PBXNativeTarget "FirebaseChatAppTests" */ = {
			isa = XCConfigurationList;
			buildConfigurations = (
				9D2238A02D3595E100C56796 /* Debug */,
				9D2238A12D3595E100C56796 /* Release */,
			);
			defaultConfigurationIsVisible = 0;
			defaultConfigurationName = Release;
		};
		9D2238A22D3595E100C56796 /* Build configuration list for PBXNativeTarget "FirebaseChatAppUITests" */ = {
			isa = XCConfigurationList;
			buildConfigurations = (
				9D2238A32D3595E100C56796 /* Debug */,
				9D2238A42D3595E100C56796 /* Release */,
			);
			defaultConfigurationIsVisible = 0;
			defaultConfigurationName = Release;
		};
/* End XCConfigurationList section */

/* Begin XCRemoteSwiftPackageReference section */
		9D223C462D3618BC00C56796 /* XCRemoteSwiftPackageReference "firebase-ios-sdk" */ = {
			isa = XCRemoteSwiftPackageReference;
			repositoryURL = "https://github.com/firebase/firebase-ios-sdk";
			requirement = {
				kind = upToNextMajorVersion;
				minimumVersion = 11.7.0;
			};
		};
		9D223C572D3618D800C56796 /* XCRemoteSwiftPackageReference "facebook-ios-sdk" */ = {
			isa = XCRemoteSwiftPackageReference;
			repositoryURL = "https://github.com/facebook/facebook-ios-sdk.git";
			requirement = {
				kind = upToNextMajorVersion;
				minimumVersion = 14.1.0;
			};
		};
/* End XCRemoteSwiftPackageReference section */

/* Begin XCSwiftPackageProductDependency section */
		9D223C472D3618BC00C56796 /* FirebaseAuth */ = {
			isa = XCSwiftPackageProductDependency;
			package = 9D223C462D3618BC00C56796 /* XCRemoteSwiftPackageReference "firebase-ios-sdk" */;
			productName = FirebaseAuth;
		};
		9D223C492D3618BC00C56796 /* FirebaseAuthCombine-Community */ = {
			isa = XCSwiftPackageProductDependency;
			package = 9D223C462D3618BC00C56796 /* XCRemoteSwiftPackageReference "firebase-ios-sdk" */;
			productName = "FirebaseAuthCombine-Community";
		};
		9D223C4B2D3618BC00C56796 /* FirebaseCore */ = {
			isa = XCSwiftPackageProductDependency;
			package = 9D223C462D3618BC00C56796 /* XCRemoteSwiftPackageReference "firebase-ios-sdk" */;
			productName = FirebaseCore;
		};
		9D223C4D2D3618BC00C56796 /* FirebaseDatabase */ = {
			isa = XCSwiftPackageProductDependency;
			package = 9D223C462D3618BC00C56796 /* XCRemoteSwiftPackageReference "firebase-ios-sdk" */;
			productName = FirebaseDatabase;
		};
		9D223C4F2D3618BC00C56796 /* FirebaseFirestore */ = {
			isa = XCSwiftPackageProductDependency;
			package = 9D223C462D3618BC00C56796 /* XCRemoteSwiftPackageReference "firebase-ios-sdk" */;
			productName = FirebaseFirestore;
		};
		9D223C512D3618BC00C56796 /* FirebaseFirestoreCombine-Community */ = {
			isa = XCSwiftPackageProductDependency;
			package = 9D223C462D3618BC00C56796 /* XCRemoteSwiftPackageReference "firebase-ios-sdk" */;
			productName = "FirebaseFirestoreCombine-Community";
		};
		9D223C532D3618BC00C56796 /* FirebaseStorage */ = {
			isa = XCSwiftPackageProductDependency;
			package = 9D223C462D3618BC00C56796 /* XCRemoteSwiftPackageReference "firebase-ios-sdk" */;
			productName = FirebaseStorage;
		};
		9D223C552D3618BC00C56796 /* FirebaseStorageCombine-Community */ = {
			isa = XCSwiftPackageProductDependency;
			package = 9D223C462D3618BC00C56796 /* XCRemoteSwiftPackageReference "firebase-ios-sdk" */;
			productName = "FirebaseStorageCombine-Community";
		};
		9D223C582D3618D800C56796 /* FacebookCore */ = {
			isa = XCSwiftPackageProductDependency;
			package = 9D223C572D3618D800C56796 /* XCRemoteSwiftPackageReference "facebook-ios-sdk" */;
			productName = FacebookCore;
		};
		9D223C5A2D3618D800C56796 /* FacebookLogin */ = {
			isa = XCSwiftPackageProductDependency;
			package = 9D223C572D3618D800C56796 /* XCRemoteSwiftPackageReference "facebook-ios-sdk" */;
			productName = FacebookLogin;
		};
		9D223C5C2D3618D800C56796 /* FacebookShare */ = {
			isa = XCSwiftPackageProductDependency;
			package = 9D223C572D3618D800C56796 /* XCRemoteSwiftPackageReference "facebook-ios-sdk" */;
			productName = FacebookShare;
		};
/* End XCSwiftPackageProductDependency section */
	};
	rootObject = 9D2238662D3595DE00C56796 /* Project object */;
}
